// !$*UTF8*$!
{
	archiveVersion = 1;
	classes = {
	};
	objectVersion = 50;
	objects = {

/* Begin PBXBuildFile section */
		F507236A2760B4BE00274365 /* FileManager+Ext.swift in Sources */ = {isa = PBXBuildFile; fileRef = F50723692760B4BE00274365 /* FileManager+Ext.swift */; };
		F507236F2760B83300274365 /* UIAlertController+Ext.swift in Sources */ = {isa = PBXBuildFile; fileRef = F507236E2760B83300274365 /* UIAlertController+Ext.swift */; };
		F515734A27607E9F00CD67CF /* HeaderViewCell.swift in Sources */ = {isa = PBXBuildFile; fileRef = F515734927607E9F00CD67CF /* HeaderViewCell.swift */; };
		F515735227607F2B00CD67CF /* HeaderViewCell.xib in Resources */ = {isa = PBXBuildFile; fileRef = F515735127607F2B00CD67CF /* HeaderViewCell.xib */; };
		F515735D2760811100CD67CF /* Localizable.strings in Resources */ = {isa = PBXBuildFile; fileRef = F515735C2760811100CD67CF /* Localizable.strings */; };
		F51573622760812700CD67CF /* LocalizedStrings.swift in Sources */ = {isa = PBXBuildFile; fileRef = F51573612760812700CD67CF /* LocalizedStrings.swift */; };
		F515736D2760834E00CD67CF /* Section.swift in Sources */ = {isa = PBXBuildFile; fileRef = F515736C2760834E00CD67CF /* Section.swift */; };
		F51573722760837100CD67CF /* DataModel.swift in Sources */ = {isa = PBXBuildFile; fileRef = F51573712760837100CD67CF /* DataModel.swift */; };
		F515737A2760A5CE00CD67CF /* CameraManager.swift in Sources */ = {isa = PBXBuildFile; fileRef = F51573792760A5CE00CD67CF /* CameraManager.swift */; };
		F51573852760B31100CD67CF /* SignUpTableViewController+CameraManagerDelegate.swift in Sources */ = {isa = PBXBuildFile; fileRef = F51573842760B31100CD67CF /* SignUpTableViewController+CameraManagerDelegate.swift */; };
		F5E253B9275F12B600A191AB /* AppDelegate.swift in Sources */ = {isa = PBXBuildFile; fileRef = F5E253B8275F12B600A191AB /* AppDelegate.swift */; };
		F5E253C0275F12B600A191AB /* Main.storyboard in Resources */ = {isa = PBXBuildFile; fileRef = F5E253BE275F12B600A191AB /* Main.storyboard */; };
		F5E253C3275F12B600A191AB /* CodeChallenge.xcdatamodeld in Sources */ = {isa = PBXBuildFile; fileRef = F5E253C1275F12B600A191AB /* CodeChallenge.xcdatamodeld */; };
		F5E253C5275F12B700A191AB /* Assets.xcassets in Resources */ = {isa = PBXBuildFile; fileRef = F5E253C4275F12B700A191AB /* Assets.xcassets */; };
		F5E253C8275F12B700A191AB /* LaunchScreen.storyboard in Resources */ = {isa = PBXBuildFile; fileRef = F5E253C6275F12B700A191AB /* LaunchScreen.storyboard */; };
		F5E253D3275F12B700A191AB /* CodeChallengeTests.swift in Sources */ = {isa = PBXBuildFile; fileRef = F5E253D2275F12B700A191AB /* CodeChallengeTests.swift */; };
		F5E253DE275F12B700A191AB /* CodeChallengeUITests.swift in Sources */ = {isa = PBXBuildFile; fileRef = F5E253DD275F12B700A191AB /* CodeChallengeUITests.swift */; };
		F5E253FF275F1A7800A191AB /* SignUpTableViewController.swift in Sources */ = {isa = PBXBuildFile; fileRef = F5E253FE275F1A7800A191AB /* SignUpTableViewController.swift */; };
		F5E2540D275F302700A191AB /* SceneDelegate.swift in Sources */ = {isa = PBXBuildFile; fileRef = F5E2540C275F302700A191AB /* SceneDelegate.swift */; };
		F5E25412275F402F00A191AB /* AvatarTableViewCell.swift in Sources */ = {isa = PBXBuildFile; fileRef = F5E25411275F402F00A191AB /* AvatarTableViewCell.swift */; };
		F5E2541A275F405400A191AB /* DataInputTableViewCell.swift in Sources */ = {isa = PBXBuildFile; fileRef = F5E25419275F405400A191AB /* DataInputTableViewCell.swift */; };
		F5F25A4A2760C40D008AB08A /* FooterViewCell.swift in Sources */ = {isa = PBXBuildFile; fileRef = F5F25A492760C40D008AB08A /* FooterViewCell.swift */; };
		F5F25A4F2760C417008AB08A /* FooterViewCell.xib in Resources */ = {isa = PBXBuildFile; fileRef = F5F25A4E2760C417008AB08A /* FooterViewCell.xib */; };
		F5F25A542760C60F008AB08A /* Colors.xcassets in Resources */ = {isa = PBXBuildFile; fileRef = F5F25A532760C60F008AB08A /* Colors.xcassets */; };
		F5F25A5C2760C91D008AB08A /* SignUpTableViewController+UITableView.swift in Sources */ = {isa = PBXBuildFile; fileRef = F5F25A5B2760C91D008AB08A /* SignUpTableViewController+UITableView.swift */; };
/* End PBXBuildFile section */

/* Begin PBXContainerItemProxy section */
		F5E253CF275F12B700A191AB /* PBXContainerItemProxy */ = {
			isa = PBXContainerItemProxy;
			containerPortal = F5E253AD275F12B600A191AB /* Project object */;
			proxyType = 1;
			remoteGlobalIDString = F5E253B4275F12B600A191AB;
			remoteInfo = CodeChallenge;
		};
		F5E253DA275F12B700A191AB /* PBXContainerItemProxy */ = {
			isa = PBXContainerItemProxy;
			containerPortal = F5E253AD275F12B600A191AB /* Project object */;
			proxyType = 1;
			remoteGlobalIDString = F5E253B4275F12B600A191AB;
			remoteInfo = CodeChallenge;
		};
/* End PBXContainerItemProxy section */

/* Begin PBXFileReference section */
		F50723692760B4BE00274365 /* FileManager+Ext.swift */ = {isa = PBXFileReference; lastKnownFileType = sourcecode.swift; path = "FileManager+Ext.swift"; sourceTree = "<group>"; };
		F507236E2760B83300274365 /* UIAlertController+Ext.swift */ = {isa = PBXFileReference; lastKnownFileType = sourcecode.swift; path = "UIAlertController+Ext.swift"; sourceTree = "<group>"; };
		F515734927607E9F00CD67CF /* HeaderViewCell.swift */ = {isa = PBXFileReference; lastKnownFileType = sourcecode.swift; path = HeaderViewCell.swift; sourceTree = "<group>"; };
		F515735127607F2B00CD67CF /* HeaderViewCell.xib */ = {isa = PBXFileReference; lastKnownFileType = file.xib; path = HeaderViewCell.xib; sourceTree = "<group>"; };
		F515735C2760811100CD67CF /* Localizable.strings */ = {isa = PBXFileReference; lastKnownFileType = text.plist.strings; path = Localizable.strings; sourceTree = "<group>"; };
		F51573612760812700CD67CF /* LocalizedStrings.swift */ = {isa = PBXFileReference; lastKnownFileType = sourcecode.swift; path = LocalizedStrings.swift; sourceTree = "<group>"; };
		F515736C2760834E00CD67CF /* Section.swift */ = {isa = PBXFileReference; lastKnownFileType = sourcecode.swift; path = Section.swift; sourceTree = "<group>"; };
		F51573712760837100CD67CF /* DataModel.swift */ = {isa = PBXFileReference; lastKnownFileType = sourcecode.swift; path = DataModel.swift; sourceTree = "<group>"; };
		F51573792760A5CE00CD67CF /* CameraManager.swift */ = {isa = PBXFileReference; lastKnownFileType = sourcecode.swift; path = CameraManager.swift; sourceTree = "<group>"; };
		F51573842760B31100CD67CF /* SignUpTableViewController+CameraManagerDelegate.swift */ = {isa = PBXFileReference; lastKnownFileType = sourcecode.swift; path = "SignUpTableViewController+CameraManagerDelegate.swift"; sourceTree = "<group>"; };
		F5E253B5275F12B600A191AB /* CodeChallenge.app */ = {isa = PBXFileReference; explicitFileType = wrapper.application; includeInIndex = 0; path = CodeChallenge.app; sourceTree = BUILT_PRODUCTS_DIR; };
		F5E253B8275F12B600A191AB /* AppDelegate.swift */ = {isa = PBXFileReference; lastKnownFileType = sourcecode.swift; path = AppDelegate.swift; sourceTree = "<group>"; };
		F5E253BF275F12B600A191AB /* Base */ = {isa = PBXFileReference; lastKnownFileType = file.storyboard; name = Base; path = Base.lproj/Main.storyboard; sourceTree = "<group>"; };
		F5E253C2275F12B600A191AB /* CodeChallenge.xcdatamodel */ = {isa = PBXFileReference; lastKnownFileType = wrapper.xcdatamodel; path = CodeChallenge.xcdatamodel; sourceTree = "<group>"; };
		F5E253C4275F12B700A191AB /* Assets.xcassets */ = {isa = PBXFileReference; lastKnownFileType = folder.assetcatalog; path = Assets.xcassets; sourceTree = "<group>"; };
		F5E253C7275F12B700A191AB /* Base */ = {isa = PBXFileReference; lastKnownFileType = file.storyboard; name = Base; path = Base.lproj/LaunchScreen.storyboard; sourceTree = "<group>"; };
		F5E253C9275F12B700A191AB /* Info.plist */ = {isa = PBXFileReference; lastKnownFileType = text.plist.xml; path = Info.plist; sourceTree = "<group>"; };
		F5E253CE275F12B700A191AB /* CodeChallengeTests.xctest */ = {isa = PBXFileReference; explicitFileType = wrapper.cfbundle; includeInIndex = 0; path = CodeChallengeTests.xctest; sourceTree = BUILT_PRODUCTS_DIR; };
		F5E253D2275F12B700A191AB /* CodeChallengeTests.swift */ = {isa = PBXFileReference; lastKnownFileType = sourcecode.swift; path = CodeChallengeTests.swift; sourceTree = "<group>"; };
		F5E253D4275F12B700A191AB /* Info.plist */ = {isa = PBXFileReference; lastKnownFileType = text.plist.xml; path = Info.plist; sourceTree = "<group>"; };
		F5E253D9275F12B700A191AB /* CodeChallengeUITests.xctest */ = {isa = PBXFileReference; explicitFileType = wrapper.cfbundle; includeInIndex = 0; path = CodeChallengeUITests.xctest; sourceTree = BUILT_PRODUCTS_DIR; };
		F5E253DD275F12B700A191AB /* CodeChallengeUITests.swift */ = {isa = PBXFileReference; lastKnownFileType = sourcecode.swift; path = CodeChallengeUITests.swift; sourceTree = "<group>"; };
		F5E253DF275F12B700A191AB /* Info.plist */ = {isa = PBXFileReference; lastKnownFileType = text.plist.xml; path = Info.plist; sourceTree = "<group>"; };
		F5E253FE275F1A7800A191AB /* SignUpTableViewController.swift */ = {isa = PBXFileReference; lastKnownFileType = sourcecode.swift; path = SignUpTableViewController.swift; sourceTree = "<group>"; };
		F5E2540C275F302700A191AB /* SceneDelegate.swift */ = {isa = PBXFileReference; fileEncoding = 4; lastKnownFileType = sourcecode.swift; path = SceneDelegate.swift; sourceTree = "<group>"; };
		F5E25411275F402F00A191AB /* AvatarTableViewCell.swift */ = {isa = PBXFileReference; lastKnownFileType = sourcecode.swift; path = AvatarTableViewCell.swift; sourceTree = "<group>"; };
		F5E25419275F405400A191AB /* DataInputTableViewCell.swift */ = {isa = PBXFileReference; lastKnownFileType = sourcecode.swift; path = DataInputTableViewCell.swift; sourceTree = "<group>"; };
		F5F25A492760C40D008AB08A /* FooterViewCell.swift */ = {isa = PBXFileReference; lastKnownFileType = sourcecode.swift; path = FooterViewCell.swift; sourceTree = "<group>"; };
		F5F25A4E2760C417008AB08A /* FooterViewCell.xib */ = {isa = PBXFileReference; lastKnownFileType = file.xib; path = FooterViewCell.xib; sourceTree = "<group>"; };
		F5F25A532760C60F008AB08A /* Colors.xcassets */ = {isa = PBXFileReference; lastKnownFileType = folder.assetcatalog; path = Colors.xcassets; sourceTree = "<group>"; };
		F5F25A5B2760C91D008AB08A /* SignUpTableViewController+UITableView.swift */ = {isa = PBXFileReference; lastKnownFileType = sourcecode.swift; path = "SignUpTableViewController+UITableView.swift"; sourceTree = "<group>"; };
/* End PBXFileReference section */

/* Begin PBXFrameworksBuildPhase section */
		F5E253B2275F12B600A191AB /* Frameworks */ = {
			isa = PBXFrameworksBuildPhase;
			buildActionMask = 2147483647;
			files = (
			);
			runOnlyForDeploymentPostprocessing = 0;
		};
		F5E253CB275F12B700A191AB /* Frameworks */ = {
			isa = PBXFrameworksBuildPhase;
			buildActionMask = 2147483647;
			files = (
			);
			runOnlyForDeploymentPostprocessing = 0;
		};
		F5E253D6275F12B700A191AB /* Frameworks */ = {
			isa = PBXFrameworksBuildPhase;
			buildActionMask = 2147483647;
			files = (
			);
			runOnlyForDeploymentPostprocessing = 0;
		};
/* End PBXFrameworksBuildPhase section */

/* Begin PBXGroup section */
		F50723762760BBF900274365 /* Extensions */ = {
			isa = PBXGroup;
			children = (
				F50723692760B4BE00274365 /* FileManager+Ext.swift */,
				F507236E2760B83300274365 /* UIAlertController+Ext.swift */,
			);
			path = Extensions;
			sourceTree = "<group>";
		};
		F50723772760BC0A00274365 /* Cells */ = {
			isa = PBXGroup;
			children = (
				F5E25411275F402F00A191AB /* AvatarTableViewCell.swift */,
				F5E25419275F405400A191AB /* DataInputTableViewCell.swift */,
				F515734927607E9F00CD67CF /* HeaderViewCell.swift */,
				F515735127607F2B00CD67CF /* HeaderViewCell.xib */,
				F5F25A492760C40D008AB08A /* FooterViewCell.swift */,
				F5F25A4E2760C417008AB08A /* FooterViewCell.xib */,
			);
			path = Cells;
			sourceTree = "<group>";
		};
		F50723782760BC2800274365 /* Helpers */ = {
			isa = PBXGroup;
			children = (
				F51573792760A5CE00CD67CF /* CameraManager.swift */,
			);
			path = Helpers;
			sourceTree = "<group>";
		};
		F5E253AC275F12B600A191AB = {
			isa = PBXGroup;
			children = (
				F5E253B7275F12B600A191AB /* CodeChallenge */,
				F5E253D1275F12B700A191AB /* CodeChallengeTests */,
				F5E253DC275F12B700A191AB /* CodeChallengeUITests */,
				F5E253B6275F12B600A191AB /* Products */,
			);
			sourceTree = "<group>";
		};
		F5E253B6275F12B600A191AB /* Products */ = {
			isa = PBXGroup;
			children = (
				F5E253B5275F12B600A191AB /* CodeChallenge.app */,
				F5E253CE275F12B700A191AB /* CodeChallengeTests.xctest */,
				F5E253D9275F12B700A191AB /* CodeChallengeUITests.xctest */,
			);
			name = Products;
			sourceTree = "<group>";
		};
		F5E253B7275F12B600A191AB /* CodeChallenge */ = {
			isa = PBXGroup;
			children = (
				F50723782760BC2800274365 /* Helpers */,
				F50723772760BC0A00274365 /* Cells */,
				F50723762760BBF900274365 /* Extensions */,
				F5E253B8275F12B600A191AB /* AppDelegate.swift */,
				F5E2540C275F302700A191AB /* SceneDelegate.swift */,
				F515736C2760834E00CD67CF /* Section.swift */,
				F51573712760837100CD67CF /* DataModel.swift */,
				F5F25A5B2760C91D008AB08A /* SignUpTableViewController+UITableView.swift */,
				F5E253FE275F1A7800A191AB /* SignUpTableViewController.swift */,
				F51573842760B31100CD67CF /* SignUpTableViewController+CameraManagerDelegate.swift */,
				F5E253BE275F12B600A191AB /* Main.storyboard */,
				F515735C2760811100CD67CF /* Localizable.strings */,
				F51573612760812700CD67CF /* LocalizedStrings.swift */,
				F5E253C4275F12B700A191AB /* Assets.xcassets */,
				F5F25A532760C60F008AB08A /* Colors.xcassets */,
				F5E253C6275F12B700A191AB /* LaunchScreen.storyboard */,
				F5E253C9275F12B700A191AB /* Info.plist */,
				F5E253C1275F12B600A191AB /* CodeChallenge.xcdatamodeld */,
			);
			path = CodeChallenge;
			sourceTree = "<group>";
		};
		F5E253D1275F12B700A191AB /* CodeChallengeTests */ = {
			isa = PBXGroup;
			children = (
				F5E253D2275F12B700A191AB /* CodeChallengeTests.swift */,
				F5E253D4275F12B700A191AB /* Info.plist */,
			);
			path = CodeChallengeTests;
			sourceTree = "<group>";
		};
		F5E253DC275F12B700A191AB /* CodeChallengeUITests */ = {
			isa = PBXGroup;
			children = (
				F5E253DD275F12B700A191AB /* CodeChallengeUITests.swift */,
				F5E253DF275F12B700A191AB /* Info.plist */,
			);
			path = CodeChallengeUITests;
			sourceTree = "<group>";
		};
/* End PBXGroup section */

/* Begin PBXNativeTarget section */
		F5E253B4275F12B600A191AB /* CodeChallenge */ = {
			isa = PBXNativeTarget;
			buildConfigurationList = F5E253E2275F12B700A191AB /* Build configuration list for PBXNativeTarget "CodeChallenge" */;
			buildPhases = (
				F5E253B1275F12B600A191AB /* Sources */,
				F5E253B2275F12B600A191AB /* Frameworks */,
				F5E253B3275F12B600A191AB /* Resources */,
				F5E253EE275F185500A191AB /* ShellScript */,
			);
			buildRules = (
			);
			dependencies = (
			);
			name = CodeChallenge;
			productName = CodeChallenge;
			productReference = F5E253B5275F12B600A191AB /* CodeChallenge.app */;
			productType = "com.apple.product-type.application";
		};
		F5E253CD275F12B700A191AB /* CodeChallengeTests */ = {
			isa = PBXNativeTarget;
			buildConfigurationList = F5E253E5275F12B700A191AB /* Build configuration list for PBXNativeTarget "CodeChallengeTests" */;
			buildPhases = (
				F5E253CA275F12B700A191AB /* Sources */,
				F5E253CB275F12B700A191AB /* Frameworks */,
				F5E253CC275F12B700A191AB /* Resources */,
			);
			buildRules = (
			);
			dependencies = (
				F5E253D0275F12B700A191AB /* PBXTargetDependency */,
			);
			name = CodeChallengeTests;
			productName = CodeChallengeTests;
			productReference = F5E253CE275F12B700A191AB /* CodeChallengeTests.xctest */;
			productType = "com.apple.product-type.bundle.unit-test";
		};
		F5E253D8275F12B700A191AB /* CodeChallengeUITests */ = {
			isa = PBXNativeTarget;
			buildConfigurationList = F5E253E8275F12B700A191AB /* Build configuration list for PBXNativeTarget "CodeChallengeUITests" */;
			buildPhases = (
				F5E253D5275F12B700A191AB /* Sources */,
				F5E253D6275F12B700A191AB /* Frameworks */,
				F5E253D7275F12B700A191AB /* Resources */,
			);
			buildRules = (
			);
			dependencies = (
				F5E253DB275F12B700A191AB /* PBXTargetDependency */,
			);
			name = CodeChallengeUITests;
			productName = CodeChallengeUITests;
			productReference = F5E253D9275F12B700A191AB /* CodeChallengeUITests.xctest */;
			productType = "com.apple.product-type.bundle.ui-testing";
		};
/* End PBXNativeTarget section */

/* Begin PBXProject section */
		F5E253AD275F12B600A191AB /* Project object */ = {
			isa = PBXProject;
			attributes = {
				LastSwiftUpdateCheck = 1240;
				LastUpgradeCheck = 1240;
				TargetAttributes = {
					F5E253B4275F12B600A191AB = {
						CreatedOnToolsVersion = 12.4;
					};
					F5E253CD275F12B700A191AB = {
						CreatedOnToolsVersion = 12.4;
						TestTargetID = F5E253B4275F12B600A191AB;
					};
					F5E253D8275F12B700A191AB = {
						CreatedOnToolsVersion = 12.4;
						TestTargetID = F5E253B4275F12B600A191AB;
					};
				};
			};
			buildConfigurationList = F5E253B0275F12B600A191AB /* Build configuration list for PBXProject "CodeChallenge" */;
			compatibilityVersion = "Xcode 9.3";
			developmentRegion = en;
			hasScannedForEncodings = 0;
			knownRegions = (
				en,
				Base,
			);
			mainGroup = F5E253AC275F12B600A191AB;
			productRefGroup = F5E253B6275F12B600A191AB /* Products */;
			projectDirPath = "";
			projectRoot = "";
			targets = (
				F5E253B4275F12B600A191AB /* CodeChallenge */,
				F5E253CD275F12B700A191AB /* CodeChallengeTests */,
				F5E253D8275F12B700A191AB /* CodeChallengeUITests */,
			);
		};
/* End PBXProject section */

/* Begin PBXResourcesBuildPhase section */
		F5E253B3275F12B600A191AB /* Resources */ = {
			isa = PBXResourcesBuildPhase;
			buildActionMask = 2147483647;
			files = (
				F5E253C8275F12B700A191AB /* LaunchScreen.storyboard in Resources */,
				F5E253C5275F12B700A191AB /* Assets.xcassets in Resources */,
				F515735D2760811100CD67CF /* Localizable.strings in Resources */,
				F5F25A4F2760C417008AB08A /* FooterViewCell.xib in Resources */,
				F5E253C0275F12B600A191AB /* Main.storyboard in Resources */,
				F515735227607F2B00CD67CF /* HeaderViewCell.xib in Resources */,
				F5F25A542760C60F008AB08A /* Colors.xcassets in Resources */,
			);
			runOnlyForDeploymentPostprocessing = 0;
		};
		F5E253CC275F12B700A191AB /* Resources */ = {
			isa = PBXResourcesBuildPhase;
			buildActionMask = 2147483647;
			files = (
			);
			runOnlyForDeploymentPostprocessing = 0;
		};
		F5E253D7275F12B700A191AB /* Resources */ = {
			isa = PBXResourcesBuildPhase;
			buildActionMask = 2147483647;
			files = (
			);
			runOnlyForDeploymentPostprocessing = 0;
		};
/* End PBXResourcesBuildPhase section */

/* Begin PBXShellScriptBuildPhase section */
		F5E253EE275F185500A191AB /* ShellScript */ = {
			isa = PBXShellScriptBuildPhase;
			buildActionMask = 2147483647;
			files = (
			);
			inputFileListPaths = (
			);
			inputPaths = (
			);
			outputFileListPaths = (
			);
			outputPaths = (
			);
			runOnlyForDeploymentPostprocessing = 0;
			shellPath = /bin/sh;
			shellScript = "if test -d \"/opt/homebrew/bin/\"; then\n  PATH=\"/opt/homebrew/bin/:${PATH}\"\nfi\n\nexport PATH\n\nif which swiftlint >/dev/null; then\n  swiftlint\nelse\n  echo \"warning: SwiftLint not installed, download from https://github.com/realm/SwiftLint\"\nfi\n";
		};
/* End PBXShellScriptBuildPhase section */

/* Begin PBXSourcesBuildPhase section */
		F5E253B1275F12B600A191AB /* Sources */ = {
			isa = PBXSourcesBuildPhase;
			buildActionMask = 2147483647;
			files = (
				F515736D2760834E00CD67CF /* Section.swift in Sources */,
				F5E25412275F402F00A191AB /* AvatarTableViewCell.swift in Sources */,
				F507236A2760B4BE00274365 /* FileManager+Ext.swift in Sources */,
				F51573622760812700CD67CF /* LocalizedStrings.swift in Sources */,
				F5E2540D275F302700A191AB /* SceneDelegate.swift in Sources */,
				F5E253FF275F1A7800A191AB /* SignUpTableViewController.swift in Sources */,
				F51573722760837100CD67CF /* DataModel.swift in Sources */,
				F515734A27607E9F00CD67CF /* HeaderViewCell.swift in Sources */,
				F507236F2760B83300274365 /* UIAlertController+Ext.swift in Sources */,
				F5E253C3275F12B600A191AB /* CodeChallenge.xcdatamodeld in Sources */,
				F5E2541A275F405400A191AB /* DataInputTableViewCell.swift in Sources */,
				F5F25A4A2760C40D008AB08A /* FooterViewCell.swift in Sources */,
				F5E253B9275F12B600A191AB /* AppDelegate.swift in Sources */,
				F51573852760B31100CD67CF /* SignUpTableViewController+CameraManagerDelegate.swift in Sources */,
				F515737A2760A5CE00CD67CF /* CameraManager.swift in Sources */,
				F5F25A5C2760C91D008AB08A /* SignUpTableViewController+UITableView.swift in Sources */,
			);
			runOnlyForDeploymentPostprocessing = 0;
		};
		F5E253CA275F12B700A191AB /* Sources */ = {
			isa = PBXSourcesBuildPhase;
			buildActionMask = 2147483647;
			files = (
				F5E253D3275F12B700A191AB /* CodeChallengeTests.swift in Sources */,
			);
			runOnlyForDeploymentPostprocessing = 0;
		};
		F5E253D5275F12B700A191AB /* Sources */ = {
			isa = PBXSourcesBuildPhase;
			buildActionMask = 2147483647;
			files = (
				F5E253DE275F12B700A191AB /* CodeChallengeUITests.swift in Sources */,
			);
			runOnlyForDeploymentPostprocessing = 0;
		};
/* End PBXSourcesBuildPhase section */

/* Begin PBXTargetDependency section */
		F5E253D0275F12B700A191AB /* PBXTargetDependency */ = {
			isa = PBXTargetDependency;
			target = F5E253B4275F12B600A191AB /* CodeChallenge */;
			targetProxy = F5E253CF275F12B700A191AB /* PBXContainerItemProxy */;
		};
		F5E253DB275F12B700A191AB /* PBXTargetDependency */ = {
			isa = PBXTargetDependency;
			target = F5E253B4275F12B600A191AB /* CodeChallenge */;
			targetProxy = F5E253DA275F12B700A191AB /* PBXContainerItemProxy */;
		};
/* End PBXTargetDependency section */

/* Begin PBXVariantGroup section */
		F5E253BE275F12B600A191AB /* Main.storyboard */ = {
			isa = PBXVariantGroup;
			children = (
				F5E253BF275F12B600A191AB /* Base */,
			);
			name = Main.storyboard;
			sourceTree = "<group>";
		};
		F5E253C6275F12B700A191AB /* LaunchScreen.storyboard */ = {
			isa = PBXVariantGroup;
			children = (
				F5E253C7275F12B700A191AB /* Base */,
			);
			name = LaunchScreen.storyboard;
			sourceTree = "<group>";
		};
/* End PBXVariantGroup section */

/* Begin XCBuildConfiguration section */
		F5E253E0275F12B700A191AB /* Debug */ = {
			isa = XCBuildConfiguration;
			buildSettings = {
				ALWAYS_SEARCH_USER_PATHS = NO;
				CLANG_ANALYZER_NONNULL = YES;
				CLANG_ANALYZER_NUMBER_OBJECT_CONVERSION = YES_AGGRESSIVE;
				CLANG_CXX_LANGUAGE_STANDARD = "gnu++14";
				CLANG_CXX_LIBRARY = "libc++";
				CLANG_ENABLE_MODULES = YES;
				CLANG_ENABLE_OBJC_ARC = YES;
				CLANG_ENABLE_OBJC_WEAK = YES;
				CLANG_WARN_BLOCK_CAPTURE_AUTORELEASING = YES;
				CLANG_WARN_BOOL_CONVERSION = YES;
				CLANG_WARN_COMMA = YES;
				CLANG_WARN_CONSTANT_CONVERSION = YES;
				CLANG_WARN_DEPRECATED_OBJC_IMPLEMENTATIONS = YES;
				CLANG_WARN_DIRECT_OBJC_ISA_USAGE = YES_ERROR;
				CLANG_WARN_DOCUMENTATION_COMMENTS = YES;
				CLANG_WARN_EMPTY_BODY = YES;
				CLANG_WARN_ENUM_CONVERSION = YES;
				CLANG_WARN_INFINITE_RECURSION = YES;
				CLANG_WARN_INT_CONVERSION = YES;
				CLANG_WARN_NON_LITERAL_NULL_CONVERSION = YES;
				CLANG_WARN_OBJC_IMPLICIT_RETAIN_SELF = YES;
				CLANG_WARN_OBJC_LITERAL_CONVERSION = YES;
				CLANG_WARN_OBJC_ROOT_CLASS = YES_ERROR;
				CLANG_WARN_QUOTED_INCLUDE_IN_FRAMEWORK_HEADER = YES;
				CLANG_WARN_RANGE_LOOP_ANALYSIS = YES;
				CLANG_WARN_STRICT_PROTOTYPES = YES;
				CLANG_WARN_SUSPICIOUS_MOVE = YES;
				CLANG_WARN_UNGUARDED_AVAILABILITY = YES_AGGRESSIVE;
				CLANG_WARN_UNREACHABLE_CODE = YES;
				CLANG_WARN__DUPLICATE_METHOD_MATCH = YES;
				COPY_PHASE_STRIP = NO;
				DEBUG_INFORMATION_FORMAT = dwarf;
				ENABLE_STRICT_OBJC_MSGSEND = YES;
				ENABLE_TESTABILITY = YES;
				GCC_C_LANGUAGE_STANDARD = gnu11;
				GCC_DYNAMIC_NO_PIC = NO;
				GCC_NO_COMMON_BLOCKS = YES;
				GCC_OPTIMIZATION_LEVEL = 0;
				GCC_PREPROCESSOR_DEFINITIONS = (
					"DEBUG=1",
					"$(inherited)",
				);
				GCC_WARN_64_TO_32_BIT_CONVERSION = YES;
				GCC_WARN_ABOUT_RETURN_TYPE = YES_ERROR;
				GCC_WARN_UNDECLARED_SELECTOR = YES;
				GCC_WARN_UNINITIALIZED_AUTOS = YES_AGGRESSIVE;
				GCC_WARN_UNUSED_FUNCTION = YES;
				GCC_WARN_UNUSED_VARIABLE = YES;
				IPHONEOS_DEPLOYMENT_TARGET = 14.4;
				MTL_ENABLE_DEBUG_INFO = INCLUDE_SOURCE;
				MTL_FAST_MATH = YES;
				ONLY_ACTIVE_ARCH = YES;
				SDKROOT = iphoneos;
				SWIFT_ACTIVE_COMPILATION_CONDITIONS = DEBUG;
				SWIFT_OPTIMIZATION_LEVEL = "-Onone";
			};
			name = Debug;
		};
		F5E253E1275F12B700A191AB /* Release */ = {
			isa = XCBuildConfiguration;
			buildSettings = {
				ALWAYS_SEARCH_USER_PATHS = NO;
				CLANG_ANALYZER_NONNULL = YES;
				CLANG_ANALYZER_NUMBER_OBJECT_CONVERSION = YES_AGGRESSIVE;
				CLANG_CXX_LANGUAGE_STANDARD = "gnu++14";
				CLANG_CXX_LIBRARY = "libc++";
				CLANG_ENABLE_MODULES = YES;
				CLANG_ENABLE_OBJC_ARC = YES;
				CLANG_ENABLE_OBJC_WEAK = YES;
				CLANG_WARN_BLOCK_CAPTURE_AUTORELEASING = YES;
				CLANG_WARN_BOOL_CONVERSION = YES;
				CLANG_WARN_COMMA = YES;
				CLANG_WARN_CONSTANT_CONVERSION = YES;
				CLANG_WARN_DEPRECATED_OBJC_IMPLEMENTATIONS = YES;
				CLANG_WARN_DIRECT_OBJC_ISA_USAGE = YES_ERROR;
				CLANG_WARN_DOCUMENTATION_COMMENTS = YES;
				CLANG_WARN_EMPTY_BODY = YES;
				CLANG_WARN_ENUM_CONVERSION = YES;
				CLANG_WARN_INFINITE_RECURSION = YES;
				CLANG_WARN_INT_CONVERSION = YES;
				CLANG_WARN_NON_LITERAL_NULL_CONVERSION = YES;
				CLANG_WARN_OBJC_IMPLICIT_RETAIN_SELF = YES;
				CLANG_WARN_OBJC_LITERAL_CONVERSION = YES;
				CLANG_WARN_OBJC_ROOT_CLASS = YES_ERROR;
				CLANG_WARN_QUOTED_INCLUDE_IN_FRAMEWORK_HEADER = YES;
				CLANG_WARN_RANGE_LOOP_ANALYSIS = YES;
				CLANG_WARN_STRICT_PROTOTYPES = YES;
				CLANG_WARN_SUSPICIOUS_MOVE = YES;
				CLANG_WARN_UNGUARDED_AVAILABILITY = YES_AGGRESSIVE;
				CLANG_WARN_UNREACHABLE_CODE = YES;
				CLANG_WARN__DUPLICATE_METHOD_MATCH = YES;
				COPY_PHASE_STRIP = NO;
				DEBUG_INFORMATION_FORMAT = "dwarf-with-dsym";
				ENABLE_NS_ASSERTIONS = NO;
				ENABLE_STRICT_OBJC_MSGSEND = YES;
				GCC_C_LANGUAGE_STANDARD = gnu11;
				GCC_NO_COMMON_BLOCKS = YES;
				GCC_WARN_64_TO_32_BIT_CONVERSION = YES;
				GCC_WARN_ABOUT_RETURN_TYPE = YES_ERROR;
				GCC_WARN_UNDECLARED_SELECTOR = YES;
				GCC_WARN_UNINITIALIZED_AUTOS = YES_AGGRESSIVE;
				GCC_WARN_UNUSED_FUNCTION = YES;
				GCC_WARN_UNUSED_VARIABLE = YES;
				IPHONEOS_DEPLOYMENT_TARGET = 14.4;
				MTL_ENABLE_DEBUG_INFO = NO;
				MTL_FAST_MATH = YES;
				SDKROOT = iphoneos;
				SWIFT_COMPILATION_MODE = wholemodule;
				SWIFT_OPTIMIZATION_LEVEL = "-O";
				VALIDATE_PRODUCT = YES;
			};
			name = Release;
		};
		F5E253E3275F12B700A191AB /* Debug */ = {
			isa = XCBuildConfiguration;
			buildSettings = {
				ASSETCATALOG_COMPILER_APPICON_NAME = AppIcon;
				ASSETCATALOG_COMPILER_GLOBAL_ACCENT_COLOR_NAME = AccentColor;
				CODE_SIGN_STYLE = Automatic;
				DEVELOPMENT_TEAM = 6D9F64696M;
				INFOPLIST_FILE = CodeChallenge/Info.plist;
				IPHONEOS_DEPLOYMENT_TARGET = 13.6;
				LD_RUNPATH_SEARCH_PATHS = (
					"$(inherited)",
					"@executable_path/Frameworks",
				);
				PRODUCT_BUNDLE_IDENTIFIER = com.manoj.swift.CodeChallenge;
				PRODUCT_NAME = "$(TARGET_NAME)";
				SWIFT_VERSION = 5.0;
				TARGETED_DEVICE_FAMILY = "1,2";
			};
			name = Debug;
		};
		F5E253E4275F12B700A191AB /* Release */ = {
			isa = XCBuildConfiguration;
			buildSettings = {
				ASSETCATALOG_COMPILER_APPICON_NAME = AppIcon;
				ASSETCATALOG_COMPILER_GLOBAL_ACCENT_COLOR_NAME = AccentColor;
				CODE_SIGN_STYLE = Automatic;
				DEVELOPMENT_TEAM = 6D9F64696M;
				INFOPLIST_FILE = CodeChallenge/Info.plist;
				IPHONEOS_DEPLOYMENT_TARGET = 13.6;
				LD_RUNPATH_SEARCH_PATHS = (
					"$(inherited)",
					"@executable_path/Frameworks",
				);
				PRODUCT_BUNDLE_IDENTIFIER = com.manoj.swift.CodeChallenge;
				PRODUCT_NAME = "$(TARGET_NAME)";
				SWIFT_VERSION = 5.0;
				TARGETED_DEVICE_FAMILY = "1,2";
			};
			name = Release;
		};
		F5E253E6275F12B700A191AB /* Debug */ = {
			isa = XCBuildConfiguration;
			buildSettings = {
				ALWAYS_EMBED_SWIFT_STANDARD_LIBRARIES = YES;
				BUNDLE_LOADER = "$(TEST_HOST)";
				CODE_SIGN_STYLE = Automatic;
				INFOPLIST_FILE = CodeChallengeTests/Info.plist;
				IPHONEOS_DEPLOYMENT_TARGET = 14.4;
				LD_RUNPATH_SEARCH_PATHS = (
					"$(inherited)",
					"@executable_path/Frameworks",
					"@loader_path/Frameworks",
				);
				PRODUCT_BUNDLE_IDENTIFIER = com.manoj.swift.CodeChallengeTests;
				PRODUCT_NAME = "$(TARGET_NAME)";
				SWIFT_VERSION = 5.0;
				TARGETED_DEVICE_FAMILY = "1,2";
				TEST_HOST = "$(BUILT_PRODUCTS_DIR)/CodeChallenge.app/CodeChallenge";
			};
			name = Debug;
		};
		F5E253E7275F12B700A191AB /* Release */ = {
			isa = XCBuildConfiguration;
			buildSettings = {
				ALWAYS_EMBED_SWIFT_STANDARD_LIBRARIES = YES;
				BUNDLE_LOADER = "$(TEST_HOST)";
				CODE_SIGN_STYLE = Automatic;
				INFOPLIST_FILE = CodeChallengeTests/Info.plist;
				IPHONEOS_DEPLOYMENT_TARGET = 14.4;
				LD_RUNPATH_SEARCH_PATHS = (
					"$(inherited)",
					"@executable_path/Frameworks",
					"@loader_path/Frameworks",
				);
				PRODUCT_BUNDLE_IDENTIFIER = com.manoj.swift.CodeChallengeTests;
				PRODUCT_NAME = "$(TARGET_NAME)";
				SWIFT_VERSION = 5.0;
				TARGETED_DEVICE_FAMILY = "1,2";
				TEST_HOST = "$(BUILT_PRODUCTS_DIR)/CodeChallenge.app/CodeChallenge";
			};
			name = Release;
		};
		F5E253E9275F12B700A191AB /* Debug */ = {
			isa = XCBuildConfiguration;
			buildSettings = {
				ALWAYS_EMBED_SWIFT_STANDARD_LIBRARIES = YES;
				CODE_SIGN_STYLE = Automatic;
				INFOPLIST_FILE = CodeChallengeUITests/Info.plist;
				LD_RUNPATH_SEARCH_PATHS = (
					"$(inherited)",
					"@executable_path/Frameworks",
					"@loader_path/Frameworks",
				);
				PRODUCT_BUNDLE_IDENTIFIER = com.manoj.swift.CodeChallengeUITests;
				PRODUCT_NAME = "$(TARGET_NAME)";
				SWIFT_VERSION = 5.0;
				TARGETED_DEVICE_FAMILY = "1,2";
				TEST_TARGET_NAME = CodeChallenge;
			};
			name = Debug;
		};
		F5E253EA275F12B700A191AB /* Release */ = {
			isa = XCBuildConfiguration;
			buildSettings = {
				ALWAYS_EMBED_SWIFT_STANDARD_LIBRARIES = YES;
				CODE_SIGN_STYLE = Automatic;
				INFOPLIST_FILE = CodeChallengeUITests/Info.plist;
				LD_RUNPATH_SEARCH_PATHS = (
					"$(inherited)",
					"@executable_path/Frameworks",
					"@loader_path/Frameworks",
				);
				PRODUCT_BUNDLE_IDENTIFIER = com.manoj.swift.CodeChallengeUITests;
				PRODUCT_NAME = "$(TARGET_NAME)";
				SWIFT_VERSION = 5.0;
				TARGETED_DEVICE_FAMILY = "1,2";
				TEST_TARGET_NAME = CodeChallenge;
			};
			name = Release;
		};
/* End XCBuildConfiguration section */

/* Begin XCConfigurationList section */
		F5E253B0275F12B600A191AB /* Build configuration list for PBXProject "CodeChallenge" */ = {
			isa = XCConfigurationList;
			buildConfigurations = (
				F5E253E0275F12B700A191AB /* Debug */,
				F5E253E1275F12B700A191AB /* Release */,
			);
			defaultConfigurationIsVisible = 0;
			defaultConfigurationName = Release;
		};
		F5E253E2275F12B700A191AB /* Build configuration list for PBXNativeTarget "CodeChallenge" */ = {
			isa = XCConfigurationList;
			buildConfigurations = (
				F5E253E3275F12B700A191AB /* Debug */,
				F5E253E4275F12B700A191AB /* Release */,
			);
			defaultConfigurationIsVisible = 0;
			defaultConfigurationName = Release;
		};
		F5E253E5275F12B700A191AB /* Build configuration list for PBXNativeTarget "CodeChallengeTests" */ = {
			isa = XCConfigurationList;
			buildConfigurations = (
				F5E253E6275F12B700A191AB /* Debug */,
				F5E253E7275F12B700A191AB /* Release */,
			);
			defaultConfigurationIsVisible = 0;
			defaultConfigurationName = Release;
		};
		F5E253E8275F12B700A191AB /* Build configuration list for PBXNativeTarget "CodeChallengeUITests" */ = {
			isa = XCConfigurationList;
			buildConfigurations = (
				F5E253E9275F12B700A191AB /* Debug */,
				F5E253EA275F12B700A191AB /* Release */,
			);
			defaultConfigurationIsVisible = 0;
			defaultConfigurationName = Release;
		};
/* End XCConfigurationList section */

/* Begin XCVersionGroup section */
		F5E253C1275F12B600A191AB /* CodeChallenge.xcdatamodeld */ = {
			isa = XCVersionGroup;
			children = (
				F5E253C2275F12B600A191AB /* CodeChallenge.xcdatamodel */,
			);
			currentVersion = F5E253C2275F12B600A191AB /* CodeChallenge.xcdatamodel */;
			path = CodeChallenge.xcdatamodeld;
			sourceTree = "<group>";
			versionGroupType = wrapper.xcdatamodel;
		};
/* End XCVersionGroup section */
	};
	rootObject = F5E253AD275F12B600A191AB /* Project object */;
}
